
Microsoft Visual Studio Solution File, Format Version 12.00
# Visual Studio Version 17
VisualStudioVersion = 17.13.35919.96
MinimumVisualStudioVersion = 10.0.40219.1
Project("{FAE04EC0-301F-11D3-BF4B-00C04F79EFBC}") = "CallCppFromNet", "CallCppFromNet\CallCppFromNet.csproj", "{0EC72372-6EDF-4157-949E-540CDC62D03F}"
EndProject
Project("{8BC9CEB8-8B4A-11D0-8D11-00A0C91BC942}") = "CppSourceCodeProject", "CppSourceCodeProject\CppSourceCodeProject.vcxproj", "{23EEBB2A-DA24-4B51-A7E2-301F0F2502CE}"
EndProject
Project("{FAE04EC0-301F-11D3-BF4B-00C04F79EFBC}") = "DotNetStandardCppWrapper", "DotNetStandardCppWrapper\DotNetStandardCppWrapper.csproj", "{955E743D-BA6D-4F2C-BA21-F9EDED604912}"
EndProject
Project("{FAE04EC0-301F-11D3-BF4B-00C04F79EFBC}") = "CrossPlatformConsole", "CrossPlatformConsole\CrossPlatformConsole.csproj", "{C9A0291E-F99E-4343-911C-070F45F216D8}"
EndProject
Project("{FAE04EC0-301F-11D3-BF4B-00C04F79EFBC}") = "WebApiProxy2Cpp", "WebApiProxy2Cpp\WebApiProxy2Cpp.csproj", "{16B7843F-7916-4B51-A969-25235E39E02D}"
EndProject
Project("{2150E333-8FDC-42A3-9474-1A3956D46DE8}") = "CppProxy", "CppProxy", "{02EA681E-C7D8-13C7-8484-4AC65E1B71E8}"
EndProject
Project("{FAE04EC0-301F-11D3-BF4B-00C04F79EFBC}") = "MathLibContract", "MathLibContract\MathLibContract.csproj", "{56873A2F-55B0-4C1C-997E-D816556EA977}"
EndProject
Global
	GlobalSection(SolutionConfigurationPlatforms) = preSolution
		Debug|Any CPU = Debug|Any CPU
		Debug|x64 = Debug|x64
		Debug|x86 = Debug|x86
		Release|Any CPU = Release|Any CPU
		Release|x64 = Release|x64
		Release|x86 = Release|x86
	EndGlobalSection
	GlobalSection(ProjectConfigurationPlatforms) = postSolution
		{0EC72372-6EDF-4157-949E-540CDC62D03F}.Debug|Any CPU.ActiveCfg = Debug|Any CPU
		{0EC72372-6EDF-4157-949E-540CDC62D03F}.Debug|Any CPU.Build.0 = Debug|Any CPU
		{0EC72372-6EDF-4157-949E-540CDC62D03F}.Debug|x64.ActiveCfg = Debug|Any CPU
		{0EC72372-6EDF-4157-949E-540CDC62D03F}.Debug|x64.Build.0 = Debug|Any CPU
		{0EC72372-6EDF-4157-949E-540CDC62D03F}.Debug|x86.ActiveCfg = Debug|Any CPU
		{0EC72372-6EDF-4157-949E-540CDC62D03F}.Debug|x86.Build.0 = Debug|Any CPU
		{0EC72372-6EDF-4157-949E-540CDC62D03F}.Release|Any CPU.ActiveCfg = Release|Any CPU
		{0EC72372-6EDF-4157-949E-540CDC62D03F}.Release|Any CPU.Build.0 = Release|Any CPU
		{0EC72372-6EDF-4157-949E-540CDC62D03F}.Release|x64.ActiveCfg = Release|Any CPU
		{0EC72372-6EDF-4157-949E-540CDC62D03F}.Release|x64.Build.0 = Release|Any CPU
		{0EC72372-6EDF-4157-949E-540CDC62D03F}.Release|x86.ActiveCfg = Release|Any CPU
		{0EC72372-6EDF-4157-949E-540CDC62D03F}.Release|x86.Build.0 = Release|Any CPU
		{23EEBB2A-DA24-4B51-A7E2-301F0F2502CE}.Debug|Any CPU.ActiveCfg = Debug|Win32
		{23EEBB2A-DA24-4B51-A7E2-301F0F2502CE}.Debug|Any CPU.Build.0 = Debug|Win32
		{23EEBB2A-DA24-4B51-A7E2-301F0F2502CE}.Debug|x64.ActiveCfg = Debug|x64
		{23EEBB2A-DA24-4B51-A7E2-301F0F2502CE}.Debug|x64.Build.0 = Debug|x64
		{23EEBB2A-DA24-4B51-A7E2-301F0F2502CE}.Debug|x86.ActiveCfg = Debug|Win32
		{23EEBB2A-DA24-4B51-A7E2-301F0F2502CE}.Debug|x86.Build.0 = Debug|Win32
		{23EEBB2A-DA24-4B51-A7E2-301F0F2502CE}.Release|Any CPU.ActiveCfg = Release|x64
		{23EEBB2A-DA24-4B51-A7E2-301F0F2502CE}.Release|Any CPU.Build.0 = Release|x64
		{23EEBB2A-DA24-4B51-A7E2-301F0F2502CE}.Release|x64.ActiveCfg = Release|x64
		{23EEBB2A-DA24-4B51-A7E2-301F0F2502CE}.Release|x64.Build.0 = Release|x64
		{23EEBB2A-DA24-4B51-A7E2-301F0F2502CE}.Release|x86.ActiveCfg = Release|Win32
		{23EEBB2A-DA24-4B51-A7E2-301F0F2502CE}.Release|x86.Build.0 = Release|Win32
		{955E743D-BA6D-4F2C-BA21-F9EDED604912}.Debug|Any CPU.ActiveCfg = Debug|Any CPU
		{955E743D-BA6D-4F2C-BA21-F9EDED604912}.Debug|Any CPU.Build.0 = Debug|Any CPU
		{955E743D-BA6D-4F2C-BA21-F9EDED604912}.Debug|x64.ActiveCfg = Debug|Any CPU
		{955E743D-BA6D-4F2C-BA21-F9EDED604912}.Debug|x64.Build.0 = Debug|Any CPU
		{955E743D-BA6D-4F2C-BA21-F9EDED604912}.Debug|x86.ActiveCfg = Debug|Any CPU
		{955E743D-BA6D-4F2C-BA21-F9EDED604912}.Debug|x86.Build.0 = Debug|Any CPU
		{955E743D-BA6D-4F2C-BA21-F9EDED604912}.Release|Any CPU.ActiveCfg = Release|Any CPU
		{955E743D-BA6D-4F2C-BA21-F9EDED604912}.Release|Any CPU.Build.0 = Release|Any CPU
		{955E743D-BA6D-4F2C-BA21-F9EDED604912}.Release|x64.ActiveCfg = Release|Any CPU
		{955E743D-BA6D-4F2C-BA21-F9EDED604912}.Release|x64.Build.0 = Release|Any CPU
		{955E743D-BA6D-4F2C-BA21-F9EDED604912}.Release|x86.ActiveCfg = Release|Any CPU
		{955E743D-BA6D-4F2C-BA21-F9EDED604912}.Release|x86.Build.0 = Release|Any CPU
		{C9A0291E-F99E-4343-911C-070F45F216D8}.Debug|Any CPU.ActiveCfg = Debug|Any CPU
		{C9A0291E-F99E-4343-911C-070F45F216D8}.Debug|Any CPU.Build.0 = Debug|Any CPU
		{C9A0291E-F99E-4343-911C-070F45F216D8}.Debug|x64.ActiveCfg = Debug|Any CPU
		{C9A0291E-F99E-4343-911C-070F45F216D8}.Debug|x64.Build.0 = Debug|Any CPU
		{C9A0291E-F99E-4343-911C-070F45F216D8}.Debug|x86.ActiveCfg = Debug|Any CPU
		{C9A0291E-F99E-4343-911C-070F45F216D8}.Debug|x86.Build.0 = Debug|Any CPU
		{C9A0291E-F99E-4343-911C-070F45F216D8}.Release|Any CPU.ActiveCfg = Release|Any CPU
		{C9A0291E-F99E-4343-911C-070F45F216D8}.Release|Any CPU.Build.0 = Release|Any CPU
		{C9A0291E-F99E-4343-911C-070F45F216D8}.Release|x64.ActiveCfg = Release|Any CPU
		{C9A0291E-F99E-4343-911C-070F45F216D8}.Release|x64.Build.0 = Release|Any CPU
		{C9A0291E-F99E-4343-911C-070F45F216D8}.Release|x86.ActiveCfg = Release|Any CPU
		{C9A0291E-F99E-4343-911C-070F45F216D8}.Release|x86.Build.0 = Release|Any CPU
		{16B7843F-7916-4B51-A969-25235E39E02D}.Debug|Any CPU.ActiveCfg = Debug|Any CPU
		{16B7843F-7916-4B51-A969-25235E39E02D}.Debug|Any CPU.Build.0 = Debug|Any CPU
		{16B7843F-7916-4B51-A969-25235E39E02D}.Debug|x64.ActiveCfg = Debug|Any CPU
		{16B7843F-7916-4B51-A969-25235E39E02D}.Debug|x64.Build.0 = Debug|Any CPU
		{16B7843F-7916-4B51-A969-25235E39E02D}.Debug|x86.ActiveCfg = Debug|Any CPU
		{16B7843F-7916-4B51-A969-25235E39E02D}.Debug|x86.Build.0 = Debug|Any CPU
		{16B7843F-7916-4B51-A969-25235E39E02D}.Release|Any CPU.ActiveCfg = Release|Any CPU
		{16B7843F-7916-4B51-A969-25235E39E02D}.Release|Any CPU.Build.0 = Release|Any CPU
		{16B7843F-7916-4B51-A969-25235E39E02D}.Release|x64.ActiveCfg = Release|Any CPU
		{16B7843F-7916-4B51-A969-25235E39E02D}.Release|x64.Build.0 = Release|Any CPU
		{16B7843F-7916-4B51-A969-25235E39E02D}.Release|x86.ActiveCfg = Release|Any CPU
		{16B7843F-7916-4B51-A969-25235E39E02D}.Release|x86.Build.0 = Release|Any CPU
		{56873A2F-55B0-4C1C-997E-D816556EA977}.Debug|Any CPU.ActiveCfg = Debug|Any CPU
		{56873A2F-55B0-4C1C-997E-D816556EA977}.Debug|Any CPU.Build.0 = Debug|Any CPU
		{56873A2F-55B0-4C1C-997E-D816556EA977}.Debug|x64.ActiveCfg = Debug|Any CPU
		{56873A2F-55B0-4C1C-997E-D816556EA977}.Debug|x64.Build.0 = Debug|Any CPU
		{56873A2F-55B0-4C1C-997E-D816556EA977}.Debug|x86.ActiveCfg = Debug|Any CPU
		{56873A2F-55B0-4C1C-997E-D816556EA977}.Debug|x86.Build.0 = Debug|Any CPU
		{56873A2F-55B0-4C1C-997E-D816556EA977}.Release|Any CPU.ActiveCfg = Release|Any CPU
		{56873A2F-55B0-4C1C-997E-D816556EA977}.Release|Any CPU.Build.0 = Release|Any CPU
		{56873A2F-55B0-4C1C-997E-D816556EA977}.Release|x64.ActiveCfg = Release|Any CPU
		{56873A2F-55B0-4C1C-997E-D816556EA977}.Release|x64.Build.0 = Release|Any CPU
		{56873A2F-55B0-4C1C-997E-D816556EA977}.Release|x86.ActiveCfg = Release|Any CPU
		{56873A2F-55B0-4C1C-997E-D816556EA977}.Release|x86.Build.0 = Release|Any CPU
	EndGlobalSection
	GlobalSection(SolutionProperties) = preSolution
		HideSolutionNode = FALSE
	EndGlobalSection
	GlobalSection(NestedProjects) = preSolution
		{56873A2F-55B0-4C1C-997E-D816556EA977} = {02EA681E-C7D8-13C7-8484-4AC65E1B71E8}
	EndGlobalSection
	GlobalSection(ExtensibilityGlobals) = postSolution
		SolutionGuid = {771B6B26-229E-493B-ADA3-576A058DED5C}
	EndGlobalSection
EndGlobal
